
Microsoft Visual Studio Solution File, Format Version 12.00
# Visual Studio Version 17
VisualStudioVersion = 17.1.32414.318
MinimumVisualStudioVersion = 10.0.40219.1
Project("{9A19103F-16F7-4668-BE54-9A1E7A4F7556}") = "NetToBOM", "NetToBOM\NetToBOM.csproj", "{38DA1C1B-35B9-415C-B350-661E1F281187}"
	ProjectSection(ProjectDependencies) = postProject
		{16B5A139-F460-440A-9817-745A5A1663EC} = {16B5A139-F460-440A-9817-745A5A1663EC}
	EndProjectSection
EndProject
Project("{8BC9CEB8-8B4A-11D0-8D11-00A0C91BC942}") = "MakeVersionInfo", "..\MakeVersionInfo\MakeVersionInfo.vcxproj", "{16B5A139-F460-440A-9817-745A5A1663EC}"
EndProject
Project("{9A19103F-16F7-4668-BE54-9A1E7A4F7556}") = "Munger", "Munger\Munger.csproj", "{B7ABA100-7D3E-401F-AB82-838E032E7787}"
	ProjectSection(ProjectDependencies) = postProject
		{16B5A139-F460-440A-9817-745A5A1663EC} = {16B5A139-F460-440A-9817-745A5A1663EC}
	EndProjectSection
EndProject
Project("{2150E333-8FDC-42A3-9474-1A3956D46DE8}") = "Solution Items", "Solution Items", "{BAFC0372-2952-400E-BB91-5DA48723229F}"
	ProjectSection(SolutionItems) = preProject
		InitVersionInfo.bat = InitVersionInfo.bat
		LICENSE = LICENSE
		README.md = README.md
		Version.txt = Version.txt
		Version.txttemplate = Version.txttemplate
	EndProjectSection
EndProject
Global
	GlobalSection(SolutionConfigurationPlatforms) = preSolution
		Debug|Any CPU = Debug|Any CPU
		Debug|x64 = Debug|x64
		Debug|x86 = Debug|x86
		Release|Any CPU = Release|Any CPU
		Release|x64 = Release|x64
		Release|x86 = Release|x86
	EndGlobalSection
	GlobalSection(ProjectConfigurationPlatforms) = postSolution
		{38DA1C1B-35B9-415C-B350-661E1F281187}.Debug|Any CPU.ActiveCfg = Debug|Any CPU
		{38DA1C1B-35B9-415C-B350-661E1F281187}.Debug|Any CPU.Build.0 = Debug|Any CPU
		{38DA1C1B-35B9-415C-B350-661E1F281187}.Debug|x64.ActiveCfg = Debug|Any CPU
		{38DA1C1B-35B9-415C-B350-661E1F281187}.Debug|x64.Build.0 = Debug|Any CPU
		{38DA1C1B-35B9-415C-B350-661E1F281187}.Debug|x86.ActiveCfg = Debug|Any CPU
		{38DA1C1B-35B9-415C-B350-661E1F281187}.Debug|x86.Build.0 = Debug|Any CPU
		{38DA1C1B-35B9-415C-B350-661E1F281187}.Release|Any CPU.ActiveCfg = Release|Any CPU
		{38DA1C1B-35B9-415C-B350-661E1F281187}.Release|Any CPU.Build.0 = Release|Any CPU
		{38DA1C1B-35B9-415C-B350-661E1F281187}.Release|x64.ActiveCfg = Release|Any CPU
		{38DA1C1B-35B9-415C-B350-661E1F281187}.Release|x64.Build.0 = Release|Any CPU
		{38DA1C1B-35B9-415C-B350-661E1F281187}.Release|x86.ActiveCfg = Release|Any CPU
		{38DA1C1B-35B9-415C-B350-661E1F281187}.Release|x86.Build.0 = Release|Any CPU
		{16B5A139-F460-440A-9817-745A5A1663EC}.Debug|Any CPU.ActiveCfg = Debug|x64
		{16B5A139-F460-440A-9817-745A5A1663EC}.Debug|Any CPU.Build.0 = Debug|x64
		{16B5A139-F460-440A-9817-745A5A1663EC}.Debug|x64.ActiveCfg = Debug|x64
		{16B5A139-F460-440A-9817-745A5A1663EC}.Debug|x64.Build.0 = Debug|x64
		{16B5A139-F460-440A-9817-745A5A1663EC}.Debug|x86.ActiveCfg = Debug|Win32
		{16B5A139-F460-440A-9817-745A5A1663EC}.Debug|x86.Build.0 = Debug|Win32
		{16B5A139-F460-440A-9817-745A5A1663EC}.Release|Any CPU.ActiveCfg = Release|x64
		{16B5A139-F460-440A-9817-745A5A1663EC}.Release|Any CPU.Build.0 = Release|x64
		{16B5A139-F460-440A-9817-745A5A1663EC}.Release|x64.ActiveCfg = Release|x64
		{16B5A139-F460-440A-9817-745A5A1663EC}.Release|x64.Build.0 = Release|x64
		{16B5A139-F460-440A-9817-745A5A1663EC}.Release|x86.ActiveCfg = Release|Win32
		{16B5A139-F460-440A-9817-745A5A1663EC}.Release|x86.Build.0 = Release|Win32
		{B7ABA100-7D3E-401F-AB82-838E032E7787}.Debug|Any CPU.ActiveCfg = Debug|Any CPU
		{B7ABA100-7D3E-401F-AB82-838E032E7787}.Debug|Any CPU.Build.0 = Debug|Any CPU
		{B7ABA100-7D3E-401F-AB82-838E032E7787}.Debug|x64.ActiveCfg = Debug|Any CPU
		{B7ABA100-7D3E-401F-AB82-838E032E7787}.Debug|x64.Build.0 = Debug|Any CPU
		{B7ABA100-7D3E-401F-AB82-838E032E7787}.Debug|x86.ActiveCfg = Debug|Any CPU
		{B7ABA100-7D3E-401F-AB82-838E032E7787}.Debug|x86.Build.0 = Debug|Any CPU
		{B7ABA100-7D3E-401F-AB82-838E032E7787}.Release|Any CPU.ActiveCfg = Release|Any CPU
		{B7ABA100-7D3E-401F-AB82-838E032E7787}.Release|Any CPU.Build.0 = Release|Any CPU
		{B7ABA100-7D3E-401F-AB82-838E032E7787}.Release|x64.ActiveCfg = Release|Any CPU
		{B7ABA100-7D3E-401F-AB82-838E032E7787}.Release|x64.Build.0 = Release|Any CPU
		{B7ABA100-7D3E-401F-AB82-838E032E7787}.Release|x86.ActiveCfg = Release|Any CPU
		{B7ABA100-7D3E-401F-AB82-838E032E7787}.Release|x86.Build.0 = Release|Any CPU
	EndGlobalSection
	GlobalSection(SolutionProperties) = preSolution
		HideSolutionNode = FALSE
	EndGlobalSection
	GlobalSection(ExtensibilityGlobals) = postSolution
		SolutionGuid = {8BD07674-E2EA-4C3F-B944-E4B11BCDA30F}
	EndGlobalSection
EndGlobal
